
Microsoft Visual Studio Solution File, Format Version 12.00
# Visual Studio 15
VisualStudioVersion = 15.0.28010.2036
MinimumVisualStudioVersion = 10.0.40219.1
Project("{8BC9CEB8-8B4A-11D0-8D11-00A0C91BC942}") = "SPYC Musical Seat Assigning Algorithm", "SPYC Musical Seat Assigning Algorithm\SPYC Musical Seat Assigning Algorithm.vcxproj", "{1D56F9AD-EEE1-41A9-A033-462038FAE400}"
EndProject
Global
	GlobalSection(SolutionConfigurationPlatforms) = preSolution
		Debug|x64 = Debug|x64
		Debug|x86 = Debug|x86
		Release|x64 = Release|x64
		Release|x86 = Release|x86
	EndGlobalSection
	GlobalSection(ProjectConfigurationPlatforms) = postSolution
		{1D56F9AD-EEE1-41A9-A033-462038FAE400}.Debug|x64.ActiveCfg = Debug|x64
		{1D56F9AD-EEE1-41A9-A033-462038FAE400}.Debug|x64.Build.0 = Debug|x64
		{1D56F9AD-EEE1-41A9-A033-462038FAE400}.Debug|x86.ActiveCfg = Debug|Win32
		{1D56F9AD-EEE1-41A9-A033-462038FAE400}.Debug|x86.Build.0 = Debug|Win32
		{1D56F9AD-EEE1-41A9-A033-462038FAE400}.Release|x64.ActiveCfg = Release|x64
		{1D56F9AD-EEE1-41A9-A033-462038FAE400}.Release|x64.Build.0 = Release|x64
		{1D56F9AD-EEE1-41A9-A033-462038FAE400}.Release|x86.ActiveCfg = Release|Win32
		{1D56F9AD-EEE1-41A9-A033-462038FAE400}.Release|x86.Build.0 = Release|Win32
	EndGlobalSection
	GlobalSection(SolutionProperties) = preSolution
		HideSolutionNode = FALSE
	EndGlobalSection
	GlobalSection(ExtensibilityGlobals) = postSolution
		SolutionGuid = {D68BB926-63F4-4179-A6BF-185F7C5E1C62}
	EndGlobalSection
EndGlobal
